
Microsoft Visual Studio Solution File, Format Version 12.00
# Visual Studio Version 17
VisualStudioVersion = 17.4.33103.184
MinimumVisualStudioVersion = 10.0.40219.1
Project("{9A19103F-16F7-4668-BE54-9A1E7A4F7556}") = "CEF.Trader", "Trader\CEF.Trader.csproj", "{BD480D7D-11F4-49EB-AB6A-40668EB3121C}"
EndProject
Project("{9A19103F-16F7-4668-BE54-9A1E7A4F7556}") = "CEF.Common", "Common\CEF.Common.csproj", "{D973E6A7-0A6B-4C72-8153-C297831F38BE}"
EndProject
Project("{9A19103F-16F7-4668-BE54-9A1E7A4F7556}") = "CEF.Backtest", "Backtest\CEF.Backtest.csproj", "{7B84740E-9013-42D4-B168-9945FF343E24}"
EndProject
Project("{9A19103F-16F7-4668-BE54-9A1E7A4F7556}") = "CEF.UnitTests", "CEF.UnitTests\CEF.UnitTests.csproj", "{2AD77C6F-56AD-48E9-BFAD-226187F38AD0}"
EndProject
Project("{9A19103F-16F7-4668-BE54-9A1E7A4F7556}") = "CEF.ConsoleApp", "CEF.ConsoleApp\CEF.ConsoleApp.csproj", "{210AB3C7-5DB2-499D-B475-3A4C4458A4E1}"
EndProject
Project("{2150E333-8FDC-42A3-9474-1A3956D46DE8}") = "thirdLibrary", "thirdLibrary", "{3FA01FFC-40E6-4827-B285-339B27231E6C}"
EndProject
Project("{9A19103F-16F7-4668-BE54-9A1E7A4F7556}") = "EFCore.Sharding", "thirdLibrary\EFCore.Sharding\EFCore.Sharding.csproj", "{0615101E-7047-4C09-85AF-920522AA561C}"
EndProject
Project("{9A19103F-16F7-4668-BE54-9A1E7A4F7556}") = "EFCore.Sharding.SQLite", "thirdLibrary\EFCore.Sharding.SQLite\EFCore.Sharding.SQLite.csproj", "{4F5A94AB-F554-4C96-BFE7-0556426FF985}"
EndProject
Project("{FAE04EC0-301F-11D3-BF4B-00C04F79EFBC}") = "CEF.Quotes", "CEF.Quotes\CEF.Quotes.csproj", "{E8E186B6-14AC-4D46-BEF3-43AFCA405239}"
EndProject
Global
	GlobalSection(SolutionConfigurationPlatforms) = preSolution
		Debug|Any CPU = Debug|Any CPU
		Release|Any CPU = Release|Any CPU
	EndGlobalSection
	GlobalSection(ProjectConfigurationPlatforms) = postSolution
		{BD480D7D-11F4-49EB-AB6A-40668EB3121C}.Debug|Any CPU.ActiveCfg = Debug|Any CPU
		{BD480D7D-11F4-49EB-AB6A-40668EB3121C}.Debug|Any CPU.Build.0 = Debug|Any CPU
		{BD480D7D-11F4-49EB-AB6A-40668EB3121C}.Release|Any CPU.ActiveCfg = Release|Any CPU
		{BD480D7D-11F4-49EB-AB6A-40668EB3121C}.Release|Any CPU.Build.0 = Release|Any CPU
		{D973E6A7-0A6B-4C72-8153-C297831F38BE}.Debug|Any CPU.ActiveCfg = Debug|Any CPU
		{D973E6A7-0A6B-4C72-8153-C297831F38BE}.Debug|Any CPU.Build.0 = Debug|Any CPU
		{D973E6A7-0A6B-4C72-8153-C297831F38BE}.Release|Any CPU.ActiveCfg = Release|Any CPU
		{D973E6A7-0A6B-4C72-8153-C297831F38BE}.Release|Any CPU.Build.0 = Release|Any CPU
		{7B84740E-9013-42D4-B168-9945FF343E24}.Debug|Any CPU.ActiveCfg = Debug|Any CPU
		{7B84740E-9013-42D4-B168-9945FF343E24}.Debug|Any CPU.Build.0 = Debug|Any CPU
		{7B84740E-9013-42D4-B168-9945FF343E24}.Release|Any CPU.ActiveCfg = Release|Any CPU
		{7B84740E-9013-42D4-B168-9945FF343E24}.Release|Any CPU.Build.0 = Release|Any CPU
		{2AD77C6F-56AD-48E9-BFAD-226187F38AD0}.Debug|Any CPU.ActiveCfg = Debug|Any CPU
		{2AD77C6F-56AD-48E9-BFAD-226187F38AD0}.Debug|Any CPU.Build.0 = Debug|Any CPU
		{2AD77C6F-56AD-48E9-BFAD-226187F38AD0}.Release|Any CPU.ActiveCfg = Release|Any CPU
		{2AD77C6F-56AD-48E9-BFAD-226187F38AD0}.Release|Any CPU.Build.0 = Release|Any CPU
		{210AB3C7-5DB2-499D-B475-3A4C4458A4E1}.Debug|Any CPU.ActiveCfg = Debug|Any CPU
		{210AB3C7-5DB2-499D-B475-3A4C4458A4E1}.Debug|Any CPU.Build.0 = Debug|Any CPU
		{210AB3C7-5DB2-499D-B475-3A4C4458A4E1}.Release|Any CPU.ActiveCfg = Release|Any CPU
		{210AB3C7-5DB2-499D-B475-3A4C4458A4E1}.Release|Any CPU.Build.0 = Release|Any CPU
		{0615101E-7047-4C09-85AF-920522AA561C}.Debug|Any CPU.ActiveCfg = Debug|Any CPU
		{0615101E-7047-4C09-85AF-920522AA561C}.Debug|Any CPU.Build.0 = Debug|Any CPU
		{0615101E-7047-4C09-85AF-920522AA561C}.Release|Any CPU.ActiveCfg = Release|Any CPU
		{0615101E-7047-4C09-85AF-920522AA561C}.Release|Any CPU.Build.0 = Release|Any CPU
		{4F5A94AB-F554-4C96-BFE7-0556426FF985}.Debug|Any CPU.ActiveCfg = Debug|Any CPU
		{4F5A94AB-F554-4C96-BFE7-0556426FF985}.Debug|Any CPU.Build.0 = Debug|Any CPU
		{4F5A94AB-F554-4C96-BFE7-0556426FF985}.Release|Any CPU.ActiveCfg = Release|Any CPU
		{4F5A94AB-F554-4C96-BFE7-0556426FF985}.Release|Any CPU.Build.0 = Release|Any CPU
		{E8E186B6-14AC-4D46-BEF3-43AFCA405239}.Debug|Any CPU.ActiveCfg = Debug|Any CPU
		{E8E186B6-14AC-4D46-BEF3-43AFCA405239}.Debug|Any CPU.Build.0 = Debug|Any CPU
		{E8E186B6-14AC-4D46-BEF3-43AFCA405239}.Release|Any CPU.ActiveCfg = Release|Any CPU
		{E8E186B6-14AC-4D46-BEF3-43AFCA405239}.Release|Any CPU.Build.0 = Release|Any CPU
	EndGlobalSection
	GlobalSection(SolutionProperties) = preSolution
		HideSolutionNode = FALSE
	EndGlobalSection
	GlobalSection(NestedProjects) = preSolution
		{0615101E-7047-4C09-85AF-920522AA561C} = {3FA01FFC-40E6-4827-B285-339B27231E6C}
		{4F5A94AB-F554-4C96-BFE7-0556426FF985} = {3FA01FFC-40E6-4827-B285-339B27231E6C}
	EndGlobalSection
	GlobalSection(ExtensibilityGlobals) = postSolution
		SolutionGuid = {4F11817E-AE38-4723-965D-B99C555D248D}
	EndGlobalSection
EndGlobal
